
Microsoft Visual Studio Solution File, Format Version 12.00
# Visual Studio Version 16
VisualStudioVersion = 16.0.30717.126
MinimumVisualStudioVersion = 10.0.40219.1
Project("{FAE04EC0-301F-11D3-BF4B-00C04F79EFBC}") = "AspNetCore_MVC_01", "AspNetCore_MVC_01\AspNetCore_MVC_01.csproj", "{1D2F9B3E-A4C7-43CE-BAFE-FBF138E2B2A3}"
EndProject
Project("{FAE04EC0-301F-11D3-BF4B-00C04F79EFBC}") = "dotnetCursoAPI", "dotnetCursoAPI\dotnetCursoAPI.csproj", "{1856C27B-BC55-4B06-BFBD-5463CBF266F0}"
EndProject
Global
	GlobalSection(SolutionConfigurationPlatforms) = preSolution
		Debug|Any CPU = Debug|Any CPU
		Release|Any CPU = Release|Any CPU
	EndGlobalSection
	GlobalSection(ProjectConfigurationPlatforms) = postSolution
		{1D2F9B3E-A4C7-43CE-BAFE-FBF138E2B2A3}.Debug|Any CPU.ActiveCfg = Debug|Any CPU
		{1D2F9B3E-A4C7-43CE-BAFE-FBF138E2B2A3}.Debug|Any CPU.Build.0 = Debug|Any CPU
		{1D2F9B3E-A4C7-43CE-BAFE-FBF138E2B2A3}.Release|Any CPU.ActiveCfg = Release|Any CPU
		{1D2F9B3E-A4C7-43CE-BAFE-FBF138E2B2A3}.Release|Any CPU.Build.0 = Release|Any CPU
		{1856C27B-BC55-4B06-BFBD-5463CBF266F0}.Debug|Any CPU.ActiveCfg = Debug|Any CPU
		{1856C27B-BC55-4B06-BFBD-5463CBF266F0}.Debug|Any CPU.Build.0 = Debug|Any CPU
		{1856C27B-BC55-4B06-BFBD-5463CBF266F0}.Release|Any CPU.ActiveCfg = Release|Any CPU
		{1856C27B-BC55-4B06-BFBD-5463CBF266F0}.Release|Any CPU.Build.0 = Release|Any CPU
	EndGlobalSection
	GlobalSection(SolutionProperties) = preSolution
		HideSolutionNode = FALSE
	EndGlobalSection
	GlobalSection(ExtensibilityGlobals) = postSolution
		SolutionGuid = {97725F17-0F02-47C5-921E-02CA9DC78343}
	EndGlobalSection
EndGlobal
